// !$*UTF8*$!
{
	archiveVersion = 1;
	classes = {
	};
	objectVersion = 46;
	objects = {

/* Begin PBXBuildFile section */
		559108B11D01385F0005D671 /* AppDelegate.swift in Sources */ = {isa = PBXBuildFile; fileRef = 559108B01D01385F0005D671 /* AppDelegate.swift */; };
		559108B31D01385F0005D671 /* ViewController.swift in Sources */ = {isa = PBXBuildFile; fileRef = 559108B21D01385F0005D671 /* ViewController.swift */; };
		559108B61D01385F0005D671 /* Main.storyboard in Resources */ = {isa = PBXBuildFile; fileRef = 559108B41D01385F0005D671 /* Main.storyboard */; };
		559108B81D01385F0005D671 /* Assets.xcassets in Resources */ = {isa = PBXBuildFile; fileRef = 559108B71D01385F0005D671 /* Assets.xcassets */; };
		559108C31D0156550005D671 /* iconfont.ttf in Resources */ = {isa = PBXBuildFile; fileRef = 559108C21D013B1A0005D671 /* iconfont.ttf */; };
/* End PBXBuildFile section */

/* Begin PBXFileReference section */
		559108AD1D01385F0005D671 /* IconFontDemo.app */ = {isa = PBXFileReference; explicitFileType = wrapper.application; includeInIndex = 0; path = IconFontDemo.app; sourceTree = BUILT_PRODUCTS_DIR; };
		559108B01D01385F0005D671 /* AppDelegate.swift */ = {isa = PBXFileReference; lastKnownFileType = sourcecode.swift; path = AppDelegate.swift; sourceTree = "<group>"; };
		559108B21D01385F0005D671 /* ViewController.swift */ = {isa = PBXFileReference; lastKnownFileType = sourcecode.swift; path = ViewController.swift; sourceTree = "<group>"; };
		559108B51D01385F0005D671 /* Base */ = {isa = PBXFileReference; lastKnownFileType = file.storyboard; name = Base; path = Base.lproj/Main.storyboard; sourceTree = "<group>"; };
		559108B71D01385F0005D671 /* Assets.xcassets */ = {isa = PBXFileReference; lastKnownFileType = folder.assetcatalog; path = Assets.xcassets; sourceTree = "<group>"; };
		559108BC1D01385F0005D671 /* Info.plist */ = {isa = PBXFileReference; lastKnownFileType = text.plist.xml; path = Info.plist; sourceTree = "<group>"; };
		559108C21D013B1A0005D671 /* iconfont.ttf */ = {isa = PBXFileReference; lastKnownFileType = file; path = iconfont.ttf; sourceTree = "<group>"; };
/* End PBXFileReference section */

/* Begin PBXFrameworksBuildPhase section */
		559108AA1D01385F0005D671 /* Frameworks */ = {
			isa = PBXFrameworksBuildPhase;
			buildActionMask = 2147483647;
			files = (
			);
			runOnlyForDeploymentPostprocessing = 0;
		};
/* End PBXFrameworksBuildPhase section */

/* Begin PBXGroup section */
		559108A41D01385F0005D671 = {
			isa = PBXGroup;
			children = (
				559108AF1D01385F0005D671 /* IconFontDemo */,
				559108AE1D01385F0005D671 /* Products */,
			);
			sourceTree = "<group>";
		};
		559108AE1D01385F0005D671 /* Products */ = {
			isa = PBXGroup;
			children = (
				559108AD1D01385F0005D671 /* IconFontDemo.app */,
			);
			name = Products;
			sourceTree = "<group>";
		};
		559108AF1D01385F0005D671 /* IconFontDemo */ = {
			isa = PBXGroup;
			children = (
				559108B01D01385F0005D671 /* AppDelegate.swift */,
				559108B21D01385F0005D671 /* ViewController.swift */,
				559108B41D01385F0005D671 /* Main.storyboard */,
				559108B71D01385F0005D671 /* Assets.xcassets */,
				559108BC1D01385F0005D671 /* Info.plist */,
				559108C21D013B1A0005D671 /* iconfont.ttf */,
			);
			path = IconFontDemo;
			sourceTree = "<group>";
		};
/* End PBXGroup section */

/* Begin PBXNativeTarget section */
		559108AC1D01385F0005D671 /* IconFontDemo */ = {
			isa = PBXNativeTarget;
			buildConfigurationList = 559108BF1D01385F0005D671 /* Build configuration list for PBXNativeTarget "IconFontDemo" */;
			buildPhases = (
				559108A91D01385F0005D671 /* Sources */,
				559108AA1D01385F0005D671 /* Frameworks */,
				559108AB1D01385F0005D671 /* Resources */,
			);
			buildRules = (
			);
			dependencies = (
			);
			name = IconFontDemo;
			productName = IconFontDemo;
			productReference = 559108AD1D01385F0005D671 /* IconFontDemo.app */;
			productType = "com.apple.product-type.application";
		};
/* End PBXNativeTarget section */

/* Begin PBXProject section */
		559108A51D01385F0005D671 /* Project object */ = {
			isa = PBXProject;
			attributes = {
				LastSwiftUpdateCheck = 0730;
				LastUpgradeCheck = 0730;
				ORGANIZATIONNAME = "朱思能";
				TargetAttributes = {
					559108AC1D01385F0005D671 = {
						CreatedOnToolsVersion = 7.3.1;
						DevelopmentTeam = 54P5PD8Y9E;
					};
				};
			};
			buildConfigurationList = 559108A81D01385F0005D671 /* Build configuration list for PBXProject "IconFontDemo" */;
			compatibilityVersion = "Xcode 3.2";
			developmentRegion = English;
			hasScannedForEncodings = 0;
			knownRegions = (
				en,
				Base,
			);
			mainGroup = 559108A41D01385F0005D671;
			productRefGroup = 559108AE1D01385F0005D671 /* Products */;
			projectDirPath = "";
			projectRoot = "";
			targets = (
				559108AC1D01385F0005D671 /* IconFontDemo */,
			);
		};
/* End PBXProject section */

/* Begin PBXResourcesBuildPhase section */
		559108AB1D01385F0005D671 /* Resources */ = {
			isa = PBXResourcesBuildPhase;
			buildActionMask = 2147483647;
			files = (
				559108B81D01385F0005D671 /* Assets.xcassets in Resources */,
				559108B61D01385F0005D671 /* Main.storyboard in Resources */,
				559108C31D0156550005D671 /* iconfont.ttf in Resources */,
			);
			runOnlyForDeploymentPostprocessing = 0;
		};
/* End PBXResourcesBuildPhase section */

/* Begin PBXSourcesBuildPhase section */
		559108A91D01385F0005D671 /* Sources */ = {
			isa = PBXSourcesBuildPhase;
			buildActionMask = 2147483647;
			files = (
				559108B31D01385F0005D671 /* ViewController.swift in Sources */,
				559108B11D01385F0005D671 /* AppDelegate.swift in Sources */,
			);
			runOnlyForDeploymentPostprocessing = 0;
		};
/* End PBXSourcesBuildPhase section */

/* Begin PBXVariantGroup section */
		559108B41D01385F0005D671 /* Main.storyboard */ = {
			isa = PBXVariantGroup;
			children = (
				559108B51D01385F0005D671 /* Base */,
			);
			name = Main.storyboard;
			sourceTree = "<group>";
		};
/* End PBXVariantGroup section */

/* Begin XCBuildConfiguration section */
		559108BD1D01385F0005D671 /* Debug */ = {
			isa = XCBuildConfiguration;
			buildSettings = {
				ALWAYS_SEARCH_USER_PATHS = NO;
				CLANG_ANALYZER_NONNULL = YES;
				CLANG_CXX_LANGUAGE_STANDARD = "gnu++0x";
				CLANG_CXX_LIBRARY = "libc++";
				CLANG_ENABLE_MODULES = YES;
				CLANG_ENABLE_OBJC_ARC = YES;
				CLANG_WARN_BOOL_CONVERSION = YES;
				CLANG_WARN_CONSTANT_CONVERSION = YES;
				CLANG_WARN_DIRECT_OBJC_ISA_USAGE = YES_ERROR;
				CLANG_WARN_EMPTY_BODY = YES;
				CLANG_WARN_ENUM_CONVERSION = YES;
				CLANG_WARN_INT_CONVERSION = YES;
				CLANG_WARN_OBJC_ROOT_CLASS = YES_ERROR;
				CLANG_WARN_UNREACHABLE_CODE = YES;
				CLANG_WARN__DUPLICATE_METHOD_MATCH = YES;
				"CODE_SIGN_IDENTITY[sdk=iphoneos*]" = "iPhone Developer";
				COPY_PHASE_STRIP = NO;
				DEBUG_INFORMATION_FORMAT = dwarf;
				ENABLE_STRICT_OBJC_MSGSEND = YES;
				ENABLE_TESTABILITY = YES;
				GCC_C_LANGUAGE_STANDARD = gnu99;
				GCC_DYNAMIC_NO_PIC = NO;
				GCC_NO_COMMON_BLOCKS = YES;
				GCC_OPTIMIZATION_LEVEL = 0;
				GCC_PREPROCESSOR_DEFINITIONS = (
					"DEBUG=1",
					"$(inherited)",
				);
				GCC_WARN_64_TO_32_BIT_CONVERSION = YES;
				GCC_WARN_ABOUT_RETURN_TYPE = YES_ERROR;
				GCC_WARN_UNDECLARED_SELECTOR = YES;
				GCC_WARN_UNINITIALIZED_AUTOS = YES_AGGRESSIVE;
				GCC_WARN_UNUSED_FUNCTION = YES;
				GCC_WARN_UNUSED_VARIABLE = YES;
				IPHONEOS_DEPLOYMENT_TARGET = 9.3;
				MTL_ENABLE_DEBUG_INFO = YES;
				ONLY_ACTIVE_ARCH = YES;
				SDKROOT = iphoneos;
				SWIFT_OPTIMIZATION_LEVEL = "-Onone";
			};
			name = Debug;
		};
		559108BE1D01385F0005D671 /* Release */ = {
			isa = XCBuildConfiguration;
			buildSettings = {
				ALWAYS_SEARCH_USER_PATHS = NO;
				CLANG_ANALYZER_NONNULL = YES;
				CLANG_CXX_LANGUAGE_STANDARD = "gnu++0x";
				CLANG_CXX_LIBRARY = "libc++";
				CLANG_ENABLE_MODULES = YES;
				CLANG_ENABLE_OBJC_ARC = YES;
				CLANG_WARN_BOOL_CONVERSION = YES;
				CLANG_WARN_CONSTANT_CONVERSION = YES;
				CLANG_WARN_DIRECT_OBJC_ISA_USAGE = YES_ERROR;
				CLANG_WARN_EMPTY_BODY = YES;
				CLANG_WARN_ENUM_CONVERSION = YES;
				CLANG_WARN_INT_CONVERSION = YES;
				CLANG_WARN_OBJC_ROOT_CLASS = YES_ERROR;
				CLANG_WARN_UNREACHABLE_CODE = YES;
				CLANG_WARN__DUPLICATE_METHOD_MATCH = YES;
				"CODE_SIGN_IDENTITY[sdk=iphoneos*]" = "iPhone Developer";
				COPY_PHASE_STRIP = NO;
				DEBUG_INFORMATION_FORMAT = "dwarf-with-dsym";
				ENABLE_NS_ASSERTIONS = NO;
				ENABLE_STRICT_OBJC_MSGSEND = YES;
				GCC_C_LANGUAGE_STANDARD = gnu99;
				GCC_NO_COMMON_BLOCKS = YES;
				GCC_WARN_64_TO_32_BIT_CONVERSION = YES;
				GCC_WARN_ABOUT_RETURN_TYPE = YES_ERROR;
				GCC_WARN_UNDECLARED_SELECTOR = YES;
				GCC_WARN_UNINITIALIZED_AUTOS = YES_AGGRESSIVE;
				GCC_WARN_UNUSED_FUNCTION = YES;
				GCC_WARN_UNUSED_VARIABLE = YES;
				IPHONEOS_DEPLOYMENT_TARGET = 9.3;
				MTL_ENABLE_DEBUG_INFO = NO;
				SDKROOT = iphoneos;
				VALIDATE_PRODUCT = YES;
			};
			name = Release;
		};
		559108C01D01385F0005D671 /* Debug */ = {
			isa = XCBuildConfiguration;
			buildSettings = {
				ASSETCATALOG_COMPILER_APPICON_NAME = AppIcon;
				CODE_SIGN_IDENTITY = "iPhone Developer";
				"CODE_SIGN_IDENTITY[sdk=iphoneos*]" = "iPhone Developer";
				INFOPLIST_FILE = IconFontDemo/Info.plist;
				LD_RUNPATH_SEARCH_PATHS = "$(inherited) @executable_path/Frameworks";
				PRODUCT_BUNDLE_IDENTIFIER = com.richba.www.IconFontDemo;
				PRODUCT_NAME = "$(TARGET_NAME)";
				PROVISIONING_PROFILE = "";
			};
			name = Debug;
		};
		559108C11D01385F0005D671 /* Release */ = {
			isa = XCBuildConfiguration;
			buildSettings = {
				ASSETCATALOG_COMPILER_APPICON_NAME = AppIcon;
				CODE_SIGN_IDENTITY = "iPhone Developer";
				"CODE_SIGN_IDENTITY[sdk=iphoneos*]" = "iPhone Developer";
				INFOPLIST_FILE = IconFontDemo/Info.plist;
				LD_RUNPATH_SEARCH_PATHS = "$(inherited) @executable_path/Frameworks";
				PRODUCT_BUNDLE_IDENTIFIER = com.richba.www.IconFontDemo;
				PRODUCT_NAME = "$(TARGET_NAME)";
				PROVISIONING_PROFILE = "";
			};
			name = Release;
		};
/* End XCBuildConfiguration section */

/* Begin XCConfigurationList section */
		559108A81D01385F0005D671 /* Build configuration list for PBXProject "IconFontDemo" */ = {
			isa = XCConfigurationList;
			buildConfigurations = (
				559108BD1D01385F0005D671 /* Debug */,
				559108BE1D01385F0005D671 /* Release */,
			);
			defaultConfigurationIsVisible = 0;
			defaultConfigurationName = Release;
		};
		559108BF1D01385F0005D671 /* Build configuration list for PBXNativeTarget "IconFontDemo" */ = {
			isa = XCConfigurationList;
			buildConfigurations = (
				559108C01D01385F0005D671 /* Debug */,
				559108C11D01385F0005D671 /* Release */,
			);
			defaultConfigurationIsVisible = 0;
		};
/* End XCConfigurationList section */
	};
	rootObject = 559108A51D01385F0005D671 /* Project object */;
}
